
Microsoft Visual Studio Solution File, Format Version 12.00
# Visual Studio 15
VisualStudioVersion = 15.0.27703.2026
MinimumVisualStudioVersion = 10.0.40219.1
Project("{FAE04EC0-301F-11D3-BF4B-00C04F79EFBC}") = "McLarenWheelSprite", "McLarenWheelSprite\McLarenWheelSprite.csproj", "{387DB2DC-A5E5-4966-A743-FA1B99FE3159}"
EndProject
Global
	GlobalSection(SolutionConfigurationPlatforms) = preSolution
		Debug|Any CPU = Debug|Any CPU
		Release|Any CPU = Release|Any CPU
	EndGlobalSection
	GlobalSection(ProjectConfigurationPlatforms) = postSolution
		{387DB2DC-A5E5-4966-A743-FA1B99FE3159}.Debug|Any CPU.ActiveCfg = Debug|Any CPU
		{387DB2DC-A5E5-4966-A743-FA1B99FE3159}.Debug|Any CPU.Build.0 = Debug|Any CPU
		{387DB2DC-A5E5-4966-A743-FA1B99FE3159}.Release|Any CPU.ActiveCfg = Release|Any CPU
		{387DB2DC-A5E5-4966-A743-FA1B99FE3159}.Release|Any CPU.Build.0 = Release|Any CPU
	EndGlobalSection
	GlobalSection(SolutionProperties) = preSolution
		HideSolutionNode = FALSE
	EndGlobalSection
	GlobalSection(ExtensibilityGlobals) = postSolution
		SolutionGuid = {7C1BA05E-8D59-4D0E-931D-FCB9DFDA813E}
	EndGlobalSection
EndGlobal
